
Microsoft Visual Studio Solution File, Format Version 12.00
# Visual Studio Version 17
VisualStudioVersion = 17.5.2.0
MinimumVisualStudioVersion = 10.0.40219.1
Project("{2150E333-8FDC-42A3-9474-1A3956D46DE8}") = "src", "src", "{83C2B807-64D8-4D27-8D8D-CB8031686233}"
EndProject
Project("{9A19103F-16F7-4668-BE54-9A1E7A4F7556}") = "Utxorpc.Sdk.Example", "src\Utxorpc.Sdk.Example\Utxorpc.Sdk.Example.csproj", "{9E033F3C-066A-4EF5-896D-0F176322FE2F}"
EndProject
Project("{9A19103F-16F7-4668-BE54-9A1E7A4F7556}") = "Utxorpc.Sdk", "src\Utxorpc.Sdk\Utxorpc.Sdk.csproj", "{BCC89A3A-2336-410B-977E-2D41D959A58A}"
EndProject
Project("{FAE04EC0-301F-11D3-BF4B-00C04F79EFBC}") = "Utxorpc.Sdk.Test", "src\Utxorpc.Sdk.Test\Utxorpc.Sdk.Test.csproj", "{CA093BF1-6EEC-4E65-AAE8-C1B6679CBBD0}"
EndProject
Global
	GlobalSection(SolutionConfigurationPlatforms) = preSolution
		Debug|Any CPU = Debug|Any CPU
		Debug|x64 = Debug|x64
		Debug|x86 = Debug|x86
		Release|Any CPU = Release|Any CPU
		Release|x64 = Release|x64
		Release|x86 = Release|x86
	EndGlobalSection
	GlobalSection(ProjectConfigurationPlatforms) = postSolution
		{9E033F3C-066A-4EF5-896D-0F176322FE2F}.Debug|Any CPU.ActiveCfg = Debug|Any CPU
		{9E033F3C-066A-4EF5-896D-0F176322FE2F}.Debug|Any CPU.Build.0 = Debug|Any CPU
		{9E033F3C-066A-4EF5-896D-0F176322FE2F}.Debug|x64.ActiveCfg = Debug|Any CPU
		{9E033F3C-066A-4EF5-896D-0F176322FE2F}.Debug|x64.Build.0 = Debug|Any CPU
		{9E033F3C-066A-4EF5-896D-0F176322FE2F}.Debug|x86.ActiveCfg = Debug|Any CPU
		{9E033F3C-066A-4EF5-896D-0F176322FE2F}.Debug|x86.Build.0 = Debug|Any CPU
		{9E033F3C-066A-4EF5-896D-0F176322FE2F}.Release|Any CPU.ActiveCfg = Release|Any CPU
		{9E033F3C-066A-4EF5-896D-0F176322FE2F}.Release|Any CPU.Build.0 = Release|Any CPU
		{9E033F3C-066A-4EF5-896D-0F176322FE2F}.Release|x64.ActiveCfg = Release|Any CPU
		{9E033F3C-066A-4EF5-896D-0F176322FE2F}.Release|x64.Build.0 = Release|Any CPU
		{9E033F3C-066A-4EF5-896D-0F176322FE2F}.Release|x86.ActiveCfg = Release|Any CPU
		{9E033F3C-066A-4EF5-896D-0F176322FE2F}.Release|x86.Build.0 = Release|Any CPU
		{BCC89A3A-2336-410B-977E-2D41D959A58A}.Debug|Any CPU.ActiveCfg = Debug|Any CPU
		{BCC89A3A-2336-410B-977E-2D41D959A58A}.Debug|Any CPU.Build.0 = Debug|Any CPU
		{BCC89A3A-2336-410B-977E-2D41D959A58A}.Debug|x64.ActiveCfg = Debug|Any CPU
		{BCC89A3A-2336-410B-977E-2D41D959A58A}.Debug|x64.Build.0 = Debug|Any CPU
		{BCC89A3A-2336-410B-977E-2D41D959A58A}.Debug|x86.ActiveCfg = Debug|Any CPU
		{BCC89A3A-2336-410B-977E-2D41D959A58A}.Debug|x86.Build.0 = Debug|Any CPU
		{BCC89A3A-2336-410B-977E-2D41D959A58A}.Release|Any CPU.ActiveCfg = Release|Any CPU
		{BCC89A3A-2336-410B-977E-2D41D959A58A}.Release|Any CPU.Build.0 = Release|Any CPU
		{BCC89A3A-2336-410B-977E-2D41D959A58A}.Release|x64.ActiveCfg = Release|Any CPU
		{BCC89A3A-2336-410B-977E-2D41D959A58A}.Release|x64.Build.0 = Release|Any CPU
		{BCC89A3A-2336-410B-977E-2D41D959A58A}.Release|x86.ActiveCfg = Release|Any CPU
		{BCC89A3A-2336-410B-977E-2D41D959A58A}.Release|x86.Build.0 = Release|Any CPU
		{CA093BF1-6EEC-4E65-AAE8-C1B6679CBBD0}.Debug|Any CPU.ActiveCfg = Debug|Any CPU
		{CA093BF1-6EEC-4E65-AAE8-C1B6679CBBD0}.Debug|Any CPU.Build.0 = Debug|Any CPU
		{CA093BF1-6EEC-4E65-AAE8-C1B6679CBBD0}.Debug|x64.ActiveCfg = Debug|Any CPU
		{CA093BF1-6EEC-4E65-AAE8-C1B6679CBBD0}.Debug|x64.Build.0 = Debug|Any CPU
		{CA093BF1-6EEC-4E65-AAE8-C1B6679CBBD0}.Debug|x86.ActiveCfg = Debug|Any CPU
		{CA093BF1-6EEC-4E65-AAE8-C1B6679CBBD0}.Debug|x86.Build.0 = Debug|Any CPU
		{CA093BF1-6EEC-4E65-AAE8-C1B6679CBBD0}.Release|Any CPU.ActiveCfg = Release|Any CPU
		{CA093BF1-6EEC-4E65-AAE8-C1B6679CBBD0}.Release|Any CPU.Build.0 = Release|Any CPU
		{CA093BF1-6EEC-4E65-AAE8-C1B6679CBBD0}.Release|x64.ActiveCfg = Release|Any CPU
		{CA093BF1-6EEC-4E65-AAE8-C1B6679CBBD0}.Release|x64.Build.0 = Release|Any CPU
		{CA093BF1-6EEC-4E65-AAE8-C1B6679CBBD0}.Release|x86.ActiveCfg = Release|Any CPU
		{CA093BF1-6EEC-4E65-AAE8-C1B6679CBBD0}.Release|x86.Build.0 = Release|Any CPU
	EndGlobalSection
	GlobalSection(SolutionProperties) = preSolution
		HideSolutionNode = FALSE
	EndGlobalSection
	GlobalSection(NestedProjects) = preSolution
		{9E033F3C-066A-4EF5-896D-0F176322FE2F} = {83C2B807-64D8-4D27-8D8D-CB8031686233}
		{BCC89A3A-2336-410B-977E-2D41D959A58A} = {83C2B807-64D8-4D27-8D8D-CB8031686233}
		{CA093BF1-6EEC-4E65-AAE8-C1B6679CBBD0} = {83C2B807-64D8-4D27-8D8D-CB8031686233}
	EndGlobalSection
	GlobalSection(ExtensibilityGlobals) = postSolution
		SolutionGuid = {681D9701-0F6D-4773-81DF-A68054ED088B}
	EndGlobalSection
EndGlobal
